
Microsoft Visual Studio Solution File, Format Version 12.00
# Visual Studio Version 16
VisualStudioVersion = 16.0.28729.10
MinimumVisualStudioVersion = 10.0.40219.1
Project("{9A19103F-16F7-4668-BE54-9A1E7A4F7556}") = "xunit2.ioc.autofac", "src\xunit2.ioc.autofac\xunit2.ioc.autofac.csproj", "{3D7BB489-089A-4400-B6AF-CC6CA6930799}"
EndProject
Project("{FAE04EC0-301F-11D3-BF4B-00C04F79EFBC}") = "xunit2.ioc.autofac.tests", "xunit2.ioc.autofac.tests\xunit2.ioc.autofac.tests.csproj", "{5846C031-9992-4F68-A24F-B23840595F2B}"
EndProject
Global
	GlobalSection(SolutionConfigurationPlatforms) = preSolution
		Debug|Any CPU = Debug|Any CPU
		Release|Any CPU = Release|Any CPU
	EndGlobalSection
	GlobalSection(ProjectConfigurationPlatforms) = postSolution
		{3D7BB489-089A-4400-B6AF-CC6CA6930799}.Debug|Any CPU.ActiveCfg = Debug|Any CPU
		{3D7BB489-089A-4400-B6AF-CC6CA6930799}.Debug|Any CPU.Build.0 = Debug|Any CPU
		{3D7BB489-089A-4400-B6AF-CC6CA6930799}.Release|Any CPU.ActiveCfg = Release|Any CPU
		{3D7BB489-089A-4400-B6AF-CC6CA6930799}.Release|Any CPU.Build.0 = Release|Any CPU
		{5846C031-9992-4F68-A24F-B23840595F2B}.Debug|Any CPU.ActiveCfg = Debug|Any CPU
		{5846C031-9992-4F68-A24F-B23840595F2B}.Debug|Any CPU.Build.0 = Debug|Any CPU
		{5846C031-9992-4F68-A24F-B23840595F2B}.Release|Any CPU.ActiveCfg = Release|Any CPU
		{5846C031-9992-4F68-A24F-B23840595F2B}.Release|Any CPU.Build.0 = Release|Any CPU
	EndGlobalSection
	GlobalSection(SolutionProperties) = preSolution
		HideSolutionNode = FALSE
	EndGlobalSection
	GlobalSection(ExtensibilityGlobals) = postSolution
		SolutionGuid = {EA06CEEA-F893-4BE2-B83D-0E3C3D231EE7}
	EndGlobalSection
EndGlobal
